
Microsoft Visual Studio Solution File, Format Version 12.00
# Visual Studio Version 17
VisualStudioVersion = 17.14.37027.9
MinimumVisualStudioVersion = 10.0.40219.1
Project("{FAE04EC0-301F-11D3-BF4B-00C04F79EFBC}") = "VirtuoPhoneGamePadWin", "VirtuoPhoneGamePadWin.csproj", "{93B16F15-F7B3-489C-9B8F-9662CFF685C1}"
EndProject
Project("{2150E333-8FDC-42A3-9474-1A3956D46DE8}") = "Tests", "Tests", "{0AB3BF05-4346-4AA6-1389-037BE0695223}"
EndProject
Project("{FAE04EC0-301F-11D3-BF4B-00C04F79EFBC}") = "VirtuoPhone.Tests", "Tests\VirtuoPhone.Tests.csproj", "{21ED2B2A-9950-46FC-B52D-B7FAF8C4D705}"
EndProject
Global
	GlobalSection(SolutionConfigurationPlatforms) = preSolution
		Debug|Any CPU = Debug|Any CPU
		Debug|x64 = Debug|x64
		Debug|x86 = Debug|x86
		Release|Any CPU = Release|Any CPU
		Release|x64 = Release|x64
		Release|x86 = Release|x86
	EndGlobalSection
	GlobalSection(ProjectConfigurationPlatforms) = postSolution
		{93B16F15-F7B3-489C-9B8F-9662CFF685C1}.Debug|Any CPU.ActiveCfg = Debug|Any CPU
		{93B16F15-F7B3-489C-9B8F-9662CFF685C1}.Debug|Any CPU.Build.0 = Debug|Any CPU
		{93B16F15-F7B3-489C-9B8F-9662CFF685C1}.Debug|x64.ActiveCfg = Debug|Any CPU
		{93B16F15-F7B3-489C-9B8F-9662CFF685C1}.Debug|x64.Build.0 = Debug|Any CPU
		{93B16F15-F7B3-489C-9B8F-9662CFF685C1}.Debug|x86.ActiveCfg = Debug|Any CPU
		{93B16F15-F7B3-489C-9B8F-9662CFF685C1}.Debug|x86.Build.0 = Debug|Any CPU
		{93B16F15-F7B3-489C-9B8F-9662CFF685C1}.Release|Any CPU.ActiveCfg = Release|Any CPU
		{93B16F15-F7B3-489C-9B8F-9662CFF685C1}.Release|Any CPU.Build.0 = Release|Any CPU
		{93B16F15-F7B3-489C-9B8F-9662CFF685C1}.Release|x64.ActiveCfg = Release|Any CPU
		{93B16F15-F7B3-489C-9B8F-9662CFF685C1}.Release|x64.Build.0 = Release|Any CPU
		{93B16F15-F7B3-489C-9B8F-9662CFF685C1}.Release|x86.ActiveCfg = Release|Any CPU
		{93B16F15-F7B3-489C-9B8F-9662CFF685C1}.Release|x86.Build.0 = Release|Any CPU
		{21ED2B2A-9950-46FC-B52D-B7FAF8C4D705}.Debug|Any CPU.ActiveCfg = Debug|Any CPU
		{21ED2B2A-9950-46FC-B52D-B7FAF8C4D705}.Debug|Any CPU.Build.0 = Debug|Any CPU
		{21ED2B2A-9950-46FC-B52D-B7FAF8C4D705}.Debug|x64.ActiveCfg = Debug|Any CPU
		{21ED2B2A-9950-46FC-B52D-B7FAF8C4D705}.Debug|x64.Build.0 = Debug|Any CPU
		{21ED2B2A-9950-46FC-B52D-B7FAF8C4D705}.Debug|x86.ActiveCfg = Debug|Any CPU
		{21ED2B2A-9950-46FC-B52D-B7FAF8C4D705}.Debug|x86.Build.0 = Debug|Any CPU
		{21ED2B2A-9950-46FC-B52D-B7FAF8C4D705}.Release|Any CPU.ActiveCfg = Release|Any CPU
		{21ED2B2A-9950-46FC-B52D-B7FAF8C4D705}.Release|Any CPU.Build.0 = Release|Any CPU
		{21ED2B2A-9950-46FC-B52D-B7FAF8C4D705}.Release|x64.ActiveCfg = Release|Any CPU
		{21ED2B2A-9950-46FC-B52D-B7FAF8C4D705}.Release|x64.Build.0 = Release|Any CPU
		{21ED2B2A-9950-46FC-B52D-B7FAF8C4D705}.Release|x86.ActiveCfg = Release|Any CPU
		{21ED2B2A-9950-46FC-B52D-B7FAF8C4D705}.Release|x86.Build.0 = Release|Any CPU
	EndGlobalSection
	GlobalSection(SolutionProperties) = preSolution
		HideSolutionNode = FALSE
	EndGlobalSection
	GlobalSection(NestedProjects) = preSolution
		{21ED2B2A-9950-46FC-B52D-B7FAF8C4D705} = {0AB3BF05-4346-4AA6-1389-037BE0695223}
	EndGlobalSection
	GlobalSection(ExtensibilityGlobals) = postSolution
		SolutionGuid = {1469ED58-AB9C-4E05-AED1-798F2A805D87}
	EndGlobalSection
EndGlobal
